
Microsoft Visual Studio Solution File, Format Version 11.00
# Visual Studio 2010
Project("{FAE04EC0-301F-11D3-BF4B-00C04F79EFBC}") = "Assembly-CSharp", "Assembly-CSharp.csproj", "{c057abee-efd5-937f-9ba7-3f5aef866e5a}"
EndProject
Global
	GlobalSection(SolutionConfigurationPlatforms) = preSolution
		Debug|Any CPU = Debug|Any CPU
		Release|Any CPU = Release|Any CPU
	EndGlobalSection
	GlobalSection(ProjectConfigurationPlatforms) = postSolution
		{c057abee-efd5-937f-9ba7-3f5aef866e5a}.Debug|Any CPU.ActiveCfg = Debug|Any CPU
		{c057abee-efd5-937f-9ba7-3f5aef866e5a}.Debug|Any CPU.Build.0 = Debug|Any CPU
		{c057abee-efd5-937f-9ba7-3f5aef866e5a}.Release|Any CPU.ActiveCfg = Release|Any CPU
		{c057abee-efd5-937f-9ba7-3f5aef866e5a}.Release|Any CPU.Build.0 = Release|Any CPU
	EndGlobalSection
	GlobalSection(SolutionProperties) = preSolution
		HideSolutionNode = FALSE
	EndGlobalSection
EndGlobal
